// !$*UTF8*$!
{
	archiveVersion = 1;
	classes = {
	};
	objectVersion = 56;
	objects = {

/* Begin PBXBuildFile section */
		0F0527E42C10441F0095B5B2 /* TopBottomGradientView.swift in Sources */ = {isa = PBXBuildFile; fileRef = 0F0527E32C10441F0095B5B2 /* TopBottomGradientView.swift */; };
		0F0527E52C10441F0095B5B2 /* TopBottomGradientView.swift in Sources */ = {isa = PBXBuildFile; fileRef = 0F0527E32C10441F0095B5B2 /* TopBottomGradientView.swift */; };
		0F25788F2BBC2C7A000491D3 /* ContentViewModel.swift in Sources */ = {isa = PBXBuildFile; fileRef = 0FCBB3A42BA893D500D80DB7 /* ContentViewModel.swift */; };
		0F2578902BBC2C7A000491D3 /* FirebaseDatabase.swift in Sources */ = {isa = PBXBuildFile; fileRef = 0FCBB39D2BA892A700D80DB7 /* FirebaseDatabase.swift */; };
		0F2578912BBC2C7A000491D3 /* HostingViewController.swift in Sources */ = {isa = PBXBuildFile; fileRef = 0FCBB3812BA88C7300D80DB7 /* HostingViewController.swift */; };
		0F2578922BBC2C7A000491D3 /* AppDelegate.swift in Sources */ = {isa = PBXBuildFile; fileRef = 0FCBB37D2BA88C7300D80DB7 /* AppDelegate.swift */; };
		0F2578932BBC2C7A000491D3 /* DeeplinkError.swift in Sources */ = {isa = PBXBuildFile; fileRef = 0FCBB3A12BA892E800D80DB7 /* DeeplinkError.swift */; };
		0F2578942BBC2C7A000491D3 /* ContentView.swift in Sources */ = {isa = PBXBuildFile; fileRef = 0FCBB3912BA88E2700D80DB7 /* ContentView.swift */; };
		0F2578952BBC2C7A000491D3 /* SceneDelegate.swift in Sources */ = {isa = PBXBuildFile; fileRef = 0FCBB37F2BA88C7300D80DB7 /* SceneDelegate.swift */; };
		0F2578972BBC2C7A000491D3 /* DeeplinkContent.swift in Sources */ = {isa = PBXBuildFile; fileRef = 0FCBB3A02BA892E800D80DB7 /* DeeplinkContent.swift */; };
		0F2578992BBC2C7A000491D3 /* FirebaseDatabase in Frameworks */ = {isa = PBXBuildFile; productRef = 0F25788C2BBC2C7A000491D3 /* FirebaseDatabase */; };
		0F25789B2BBC2C7A000491D3 /* Assets.xcassets in Resources */ = {isa = PBXBuildFile; fileRef = 0FCBB3862BA88C7400D80DB7 /* Assets.xcassets */; };
		0F2578A42BBC3AD0000491D3 /* Info-tvos.plist in Resources */ = {isa = PBXBuildFile; fileRef = 0F2578A32BBC3AD0000491D3 /* Info-tvos.plist */; };
		0F581DC62BC803460038DDD9 /* LoginView.swift in Sources */ = {isa = PBXBuildFile; fileRef = 0F581DC52BC803460038DDD9 /* LoginView.swift */; };
		0F581DC72BC803460038DDD9 /* LoginView.swift in Sources */ = {isa = PBXBuildFile; fileRef = 0F581DC52BC803460038DDD9 /* LoginView.swift */; };
		0F581DC92BC81CAD0038DDD9 /* LoginTextFieldStyle.swift in Sources */ = {isa = PBXBuildFile; fileRef = 0F581DC82BC81CAD0038DDD9 /* LoginTextFieldStyle.swift */; };
		0F581DCA2BC81CAD0038DDD9 /* LoginTextFieldStyle.swift in Sources */ = {isa = PBXBuildFile; fileRef = 0F581DC82BC81CAD0038DDD9 /* LoginTextFieldStyle.swift */; };
		0F581DCF2BC82EC10038DDD9 /* ActionButtonStyle.swift in Sources */ = {isa = PBXBuildFile; fileRef = 0F581DCE2BC82EC10038DDD9 /* ActionButtonStyle.swift */; };
		0F581DD02BC82EC10038DDD9 /* ActionButtonStyle.swift in Sources */ = {isa = PBXBuildFile; fileRef = 0F581DCE2BC82EC10038DDD9 /* ActionButtonStyle.swift */; };
		0F581DD22BC846520038DDD9 /* WelcomeView.swift in Sources */ = {isa = PBXBuildFile; fileRef = 0F581DD12BC846520038DDD9 /* WelcomeView.swift */; };
		0F581DD32BC846520038DDD9 /* WelcomeView.swift in Sources */ = {isa = PBXBuildFile; fileRef = 0F581DD12BC846520038DDD9 /* WelcomeView.swift */; };
		0F581DD82BCF01140038DDD9 /* Color+Helpers.swift in Sources */ = {isa = PBXBuildFile; fileRef = 0F581DD72BCF01140038DDD9 /* Color+Helpers.swift */; };
		0F581DD92BCF01140038DDD9 /* Color+Helpers.swift in Sources */ = {isa = PBXBuildFile; fileRef = 0F581DD72BCF01140038DDD9 /* Color+Helpers.swift */; };
		0F581DE42BD030CD0038DDD9 /* UserTokenHandler.swift in Sources */ = {isa = PBXBuildFile; fileRef = 0F581DE12BD030CD0038DDD9 /* UserTokenHandler.swift */; };
		0F581DE52BD030CD0038DDD9 /* UserTokenHandler.swift in Sources */ = {isa = PBXBuildFile; fileRef = 0F581DE12BD030CD0038DDD9 /* UserTokenHandler.swift */; };
		0FA17E8B2C6283B100282F1E /* GoogleService-Info.plist in Resources */ = {isa = PBXBuildFile; fileRef = 0FA17E8A2C6283B100282F1E /* GoogleService-Info.plist */; };
		0FA17E8C2C6283B100282F1E /* GoogleService-Info.plist in Resources */ = {isa = PBXBuildFile; fileRef = 0FA17E8A2C6283B100282F1E /* GoogleService-Info.plist */; };
		0FCBB37E2BA88C7300D80DB7 /* AppDelegate.swift in Sources */ = {isa = PBXBuildFile; fileRef = 0FCBB37D2BA88C7300D80DB7 /* AppDelegate.swift */; };
		0FCBB3802BA88C7300D80DB7 /* SceneDelegate.swift in Sources */ = {isa = PBXBuildFile; fileRef = 0FCBB37F2BA88C7300D80DB7 /* SceneDelegate.swift */; };
		0FCBB3822BA88C7300D80DB7 /* HostingViewController.swift in Sources */ = {isa = PBXBuildFile; fileRef = 0FCBB3812BA88C7300D80DB7 /* HostingViewController.swift */; };
		0FCBB3872BA88C7400D80DB7 /* Assets.xcassets in Resources */ = {isa = PBXBuildFile; fileRef = 0FCBB3862BA88C7400D80DB7 /* Assets.xcassets */; };
		0FCBB38A2BA88C7400D80DB7 /* Base in Resources */ = {isa = PBXBuildFile; fileRef = 0FCBB3892BA88C7400D80DB7 /* Base */; };
		0FCBB3922BA88E2700D80DB7 /* ContentView.swift in Sources */ = {isa = PBXBuildFile; fileRef = 0FCBB3912BA88E2700D80DB7 /* ContentView.swift */; };
		0FCBB3972BA8907100D80DB7 /* FirebaseDatabase in Frameworks */ = {isa = PBXBuildFile; productRef = 0FCBB3962BA8907100D80DB7 /* FirebaseDatabase */; };
		0FCBB39E2BA892A700D80DB7 /* FirebaseDatabase.swift in Sources */ = {isa = PBXBuildFile; fileRef = 0FCBB39D2BA892A700D80DB7 /* FirebaseDatabase.swift */; };
		0FCBB3A22BA892E800D80DB7 /* DeeplinkContent.swift in Sources */ = {isa = PBXBuildFile; fileRef = 0FCBB3A02BA892E800D80DB7 /* DeeplinkContent.swift */; };
		0FCBB3A32BA892E800D80DB7 /* DeeplinkError.swift in Sources */ = {isa = PBXBuildFile; fileRef = 0FCBB3A12BA892E800D80DB7 /* DeeplinkError.swift */; };
		0FCBB3A52BA893D500D80DB7 /* ContentViewModel.swift in Sources */ = {isa = PBXBuildFile; fileRef = 0FCBB3A42BA893D500D80DB7 /* ContentViewModel.swift */; };
		0FD1259F2BC578220056F3AE /* Font+Helpers.swift in Sources */ = {isa = PBXBuildFile; fileRef = 0FD1259E2BC578220056F3AE /* Font+Helpers.swift */; };
		0FD125A02BC578220056F3AE /* Font+Helpers.swift in Sources */ = {isa = PBXBuildFile; fileRef = 0FD1259E2BC578220056F3AE /* Font+Helpers.swift */; };
		0FDB192C2DD5E6CB00224D1F /* SwipeActions in Frameworks */ = {isa = PBXBuildFile; productRef = 0FDB192B2DD5E6CB00224D1F /* SwipeActions */; };
		0FDC2EE92BD2DCE6001529B9 /* PrivacyInfo.xcprivacy in Resources */ = {isa = PBXBuildFile; fileRef = 0FDC2EE82BD2DCE6001529B9 /* PrivacyInfo.xcprivacy */; };
		0FDC2EEA2BD2DCE6001529B9 /* PrivacyInfo.xcprivacy in Resources */ = {isa = PBXBuildFile; fileRef = 0FDC2EE82BD2DCE6001529B9 /* PrivacyInfo.xcprivacy */; };
		0FEBC5CA2BC040A600EBECC8 /* UIDevice+Helpers.swift in Sources */ = {isa = PBXBuildFile; fileRef = 0FEBC5C62BC040A600EBECC8 /* UIDevice+Helpers.swift */; };
		0FEBC5CB2BC040A600EBECC8 /* UIDevice+Helpers.swift in Sources */ = {isa = PBXBuildFile; fileRef = 0FEBC5C62BC040A600EBECC8 /* UIDevice+Helpers.swift */; };
		0FEBC5CF2BC3FD3C00EBECC8 /* DeeplinkItemView.swift in Sources */ = {isa = PBXBuildFile; fileRef = 0FEBC5CE2BC3FD3C00EBECC8 /* DeeplinkItemView.swift */; };
		0FEBC5D02BC3FD3C00EBECC8 /* DeeplinkItemView.swift in Sources */ = {isa = PBXBuildFile; fileRef = 0FEBC5CE2BC3FD3C00EBECC8 /* DeeplinkItemView.swift */; };
		0FEBC5D52BC41E1B00EBECC8 /* DeeplinkItemStyle.swift in Sources */ = {isa = PBXBuildFile; fileRef = 0FEBC5D42BC41E1B00EBECC8 /* DeeplinkItemStyle.swift */; };
		0FEBC5D62BC41E1B00EBECC8 /* DeeplinkItemStyle.swift in Sources */ = {isa = PBXBuildFile; fileRef = 0FEBC5D42BC41E1B00EBECC8 /* DeeplinkItemStyle.swift */; };
		0FFEBCE12BD8207C0039EB26 /* README.md in Resources */ = {isa = PBXBuildFile; fileRef = 0FFEBCE02BD8207C0039EB26 /* README.md */; };
/* End PBXBuildFile section */

/* Begin PBXFileReference section */
		0F0527E32C10441F0095B5B2 /* TopBottomGradientView.swift */ = {isa = PBXFileReference; lastKnownFileType = sourcecode.swift; path = TopBottomGradientView.swift; sourceTree = "<group>"; };
		0F2578A12BBC2C7A000491D3 /* Deeplinks Collection tvOS.app */ = {isa = PBXFileReference; explicitFileType = wrapper.application; includeInIndex = 0; path = "Deeplinks Collection tvOS.app"; sourceTree = BUILT_PRODUCTS_DIR; };
		0F2578A32BBC3AD0000491D3 /* Info-tvos.plist */ = {isa = PBXFileReference; fileEncoding = 4; lastKnownFileType = text.plist.xml; path = "Info-tvos.plist"; sourceTree = "<group>"; };
		0F581DC52BC803460038DDD9 /* LoginView.swift */ = {isa = PBXFileReference; lastKnownFileType = sourcecode.swift; path = LoginView.swift; sourceTree = "<group>"; };
		0F581DC82BC81CAD0038DDD9 /* LoginTextFieldStyle.swift */ = {isa = PBXFileReference; lastKnownFileType = sourcecode.swift; path = LoginTextFieldStyle.swift; sourceTree = "<group>"; };
		0F581DCE2BC82EC10038DDD9 /* ActionButtonStyle.swift */ = {isa = PBXFileReference; lastKnownFileType = sourcecode.swift; path = ActionButtonStyle.swift; sourceTree = "<group>"; };
		0F581DD12BC846520038DDD9 /* WelcomeView.swift */ = {isa = PBXFileReference; lastKnownFileType = sourcecode.swift; path = WelcomeView.swift; sourceTree = "<group>"; };
		0F581DD72BCF01140038DDD9 /* Color+Helpers.swift */ = {isa = PBXFileReference; fileEncoding = 4; lastKnownFileType = sourcecode.swift; path = "Color+Helpers.swift"; sourceTree = "<group>"; };
		0F581DE12BD030CD0038DDD9 /* UserTokenHandler.swift */ = {isa = PBXFileReference; fileEncoding = 4; lastKnownFileType = sourcecode.swift; path = UserTokenHandler.swift; sourceTree = "<group>"; };
		0FA17E8A2C6283B100282F1E /* GoogleService-Info.plist */ = {isa = PBXFileReference; fileEncoding = 4; lastKnownFileType = text.plist.xml; path = "GoogleService-Info.plist"; sourceTree = "<group>"; };
		0FCBB37A2BA88C7300D80DB7 /* Deeplinks Collection iOS.app */ = {isa = PBXFileReference; explicitFileType = wrapper.application; includeInIndex = 0; path = "Deeplinks Collection iOS.app"; sourceTree = BUILT_PRODUCTS_DIR; };
		0FCBB37D2BA88C7300D80DB7 /* AppDelegate.swift */ = {isa = PBXFileReference; lastKnownFileType = sourcecode.swift; path = AppDelegate.swift; sourceTree = "<group>"; };
		0FCBB37F2BA88C7300D80DB7 /* SceneDelegate.swift */ = {isa = PBXFileReference; lastKnownFileType = sourcecode.swift; path = SceneDelegate.swift; sourceTree = "<group>"; };
		0FCBB3812BA88C7300D80DB7 /* HostingViewController.swift */ = {isa = PBXFileReference; lastKnownFileType = sourcecode.swift; path = HostingViewController.swift; sourceTree = "<group>"; };
		0FCBB3862BA88C7400D80DB7 /* Assets.xcassets */ = {isa = PBXFileReference; lastKnownFileType = folder.assetcatalog; path = Assets.xcassets; sourceTree = "<group>"; };
		0FCBB3892BA88C7400D80DB7 /* Base */ = {isa = PBXFileReference; lastKnownFileType = file.storyboard; name = Base; path = Base.lproj/LaunchScreen.storyboard; sourceTree = "<group>"; };
		0FCBB38B2BA88C7400D80DB7 /* Info.plist */ = {isa = PBXFileReference; lastKnownFileType = text.plist.xml; path = Info.plist; sourceTree = "<group>"; };
		0FCBB3912BA88E2700D80DB7 /* ContentView.swift */ = {isa = PBXFileReference; lastKnownFileType = sourcecode.swift; path = ContentView.swift; sourceTree = "<group>"; };
		0FCBB39D2BA892A700D80DB7 /* FirebaseDatabase.swift */ = {isa = PBXFileReference; fileEncoding = 4; lastKnownFileType = sourcecode.swift; path = FirebaseDatabase.swift; sourceTree = "<group>"; };
		0FCBB3A02BA892E800D80DB7 /* DeeplinkContent.swift */ = {isa = PBXFileReference; fileEncoding = 4; lastKnownFileType = sourcecode.swift; path = DeeplinkContent.swift; sourceTree = "<group>"; };
		0FCBB3A12BA892E800D80DB7 /* DeeplinkError.swift */ = {isa = PBXFileReference; fileEncoding = 4; lastKnownFileType = sourcecode.swift; path = DeeplinkError.swift; sourceTree = "<group>"; };
		0FCBB3A42BA893D500D80DB7 /* ContentViewModel.swift */ = {isa = PBXFileReference; lastKnownFileType = sourcecode.swift; path = ContentViewModel.swift; sourceTree = "<group>"; };
		0FD1259E2BC578220056F3AE /* Font+Helpers.swift */ = {isa = PBXFileReference; lastKnownFileType = sourcecode.swift; path = "Font+Helpers.swift"; sourceTree = "<group>"; };
		0FDC2EE82BD2DCE6001529B9 /* PrivacyInfo.xcprivacy */ = {isa = PBXFileReference; fileEncoding = 4; lastKnownFileType = text.xml; path = PrivacyInfo.xcprivacy; sourceTree = "<group>"; };
		0FEBC5C62BC040A600EBECC8 /* UIDevice+Helpers.swift */ = {isa = PBXFileReference; fileEncoding = 4; lastKnownFileType = sourcecode.swift; path = "UIDevice+Helpers.swift"; sourceTree = "<group>"; };
		0FEBC5CE2BC3FD3C00EBECC8 /* DeeplinkItemView.swift */ = {isa = PBXFileReference; lastKnownFileType = sourcecode.swift; path = DeeplinkItemView.swift; sourceTree = "<group>"; };
		0FEBC5D42BC41E1B00EBECC8 /* DeeplinkItemStyle.swift */ = {isa = PBXFileReference; lastKnownFileType = sourcecode.swift; path = DeeplinkItemStyle.swift; sourceTree = "<group>"; };
		0FFEBCE02BD8207C0039EB26 /* README.md */ = {isa = PBXFileReference; fileEncoding = 4; lastKnownFileType = net.daringfireball.markdown; path = README.md; sourceTree = SOURCE_ROOT; };
		0FFEBCE32BD929D50039EB26 /* Deeplinks_iPhone.png */ = {isa = PBXFileReference; lastKnownFileType = image.png; path = Deeplinks_iPhone.png; sourceTree = "<group>"; };
		0FFEBCE42BD929E00039EB26 /* Deeplinks_TV.png */ = {isa = PBXFileReference; lastKnownFileType = image.png; path = Deeplinks_TV.png; sourceTree = "<group>"; };
/* End PBXFileReference section */

/* Begin PBXFrameworksBuildPhase section */
		0F2578982BBC2C7A000491D3 /* Frameworks */ = {
			isa = PBXFrameworksBuildPhase;
			buildActionMask = 2147483647;
			files = (
				0F2578992BBC2C7A000491D3 /* FirebaseDatabase in Frameworks */,
			);
			runOnlyForDeploymentPostprocessing = 0;
		};
		0FCBB3772BA88C7300D80DB7 /* Frameworks */ = {
			isa = PBXFrameworksBuildPhase;
			buildActionMask = 2147483647;
			files = (
				0FCBB3972BA8907100D80DB7 /* FirebaseDatabase in Frameworks */,
				0FDB192C2DD5E6CB00224D1F /* SwipeActions in Frameworks */,
			);
			runOnlyForDeploymentPostprocessing = 0;
		};
/* End PBXFrameworksBuildPhase section */

/* Begin PBXGroup section */
		0FCBB3712BA88C7300D80DB7 = {
			isa = PBXGroup;
			children = (
				0FCBB37C2BA88C7300D80DB7 /* Deeplinks */,
				0FCBB37B2BA88C7300D80DB7 /* Products */,
			);
			sourceTree = "<group>";
		};
		0FCBB37B2BA88C7300D80DB7 /* Products */ = {
			isa = PBXGroup;
			children = (
				0FCBB37A2BA88C7300D80DB7 /* Deeplinks Collection iOS.app */,
				0F2578A12BBC2C7A000491D3 /* Deeplinks Collection tvOS.app */,
			);
			name = Products;
			sourceTree = "<group>";
		};
		0FCBB37C2BA88C7300D80DB7 /* Deeplinks */ = {
			isa = PBXGroup;
			children = (
				0FFEBCE22BD929BE0039EB26 /* Screenshots */,
				0FFEBCE02BD8207C0039EB26 /* README.md */,
				0FCBB38B2BA88C7400D80DB7 /* Info.plist */,
				0F2578A32BBC3AD0000491D3 /* Info-tvos.plist */,
				0FCBB39C2BA8924200D80DB7 /* Database */,
				0FCBB39F2BA892D000D80DB7 /* Model */,
				0FCBB39B2BA8918B00D80DB7 /* System */,
				0FCBB3932BA88E3A00D80DB7 /* UI */,
				0FCBB3982BA8910F00D80DB7 /* Resources */,
			);
			path = Deeplinks;
			sourceTree = "<group>";
		};
		0FCBB3932BA88E3A00D80DB7 /* UI */ = {
			isa = PBXGroup;
			children = (
				0FEBC5C42BC035D600EBECC8 /* Helpers */,
				0FCBB3812BA88C7300D80DB7 /* HostingViewController.swift */,
				0FCBB3912BA88E2700D80DB7 /* ContentView.swift */,
				0FCBB3A42BA893D500D80DB7 /* ContentViewModel.swift */,
				0F581DD12BC846520038DDD9 /* WelcomeView.swift */,
				0F581DC52BC803460038DDD9 /* LoginView.swift */,
				0FEBC5CE2BC3FD3C00EBECC8 /* DeeplinkItemView.swift */,
				0F0527E32C10441F0095B5B2 /* TopBottomGradientView.swift */,
			);
			path = UI;
			sourceTree = "<group>";
		};
		0FCBB3982BA8910F00D80DB7 /* Resources */ = {
			isa = PBXGroup;
			children = (
				0FA17E8A2C6283B100282F1E /* GoogleService-Info.plist */,
				0FDC2EE82BD2DCE6001529B9 /* PrivacyInfo.xcprivacy */,
				0FCBB3862BA88C7400D80DB7 /* Assets.xcassets */,
				0FCBB3882BA88C7400D80DB7 /* LaunchScreen.storyboard */,
			);
			path = Resources;
			sourceTree = "<group>";
		};
		0FCBB39B2BA8918B00D80DB7 /* System */ = {
			isa = PBXGroup;
			children = (
				0FCBB37D2BA88C7300D80DB7 /* AppDelegate.swift */,
				0FCBB37F2BA88C7300D80DB7 /* SceneDelegate.swift */,
			);
			path = System;
			sourceTree = "<group>";
		};
		0FCBB39C2BA8924200D80DB7 /* Database */ = {
			isa = PBXGroup;
			children = (
				0FCBB39D2BA892A700D80DB7 /* FirebaseDatabase.swift */,
			);
			path = Database;
			sourceTree = "<group>";
		};
		0FCBB39F2BA892D000D80DB7 /* Model */ = {
			isa = PBXGroup;
			children = (
				0F581DE12BD030CD0038DDD9 /* UserTokenHandler.swift */,
				0FCBB3A02BA892E800D80DB7 /* DeeplinkContent.swift */,
				0FCBB3A12BA892E800D80DB7 /* DeeplinkError.swift */,
			);
			path = Model;
			sourceTree = "<group>";
		};
		0FEBC5C42BC035D600EBECC8 /* Helpers */ = {
			isa = PBXGroup;
			children = (
				0F581DD72BCF01140038DDD9 /* Color+Helpers.swift */,
				0FEBC5C62BC040A600EBECC8 /* UIDevice+Helpers.swift */,
				0FD1259E2BC578220056F3AE /* Font+Helpers.swift */,
				0FEBC5D42BC41E1B00EBECC8 /* DeeplinkItemStyle.swift */,
				0F581DC82BC81CAD0038DDD9 /* LoginTextFieldStyle.swift */,
				0F581DCE2BC82EC10038DDD9 /* ActionButtonStyle.swift */,
			);
			path = Helpers;
			sourceTree = "<group>";
		};
		0FFEBCE22BD929BE0039EB26 /* Screenshots */ = {
			isa = PBXGroup;
			children = (
				0FFEBCE32BD929D50039EB26 /* Deeplinks_iPhone.png */,
				0FFEBCE42BD929E00039EB26 /* Deeplinks_TV.png */,
			);
			path = Screenshots;
			sourceTree = "<group>";
		};
/* End PBXGroup section */

/* Begin PBXNativeTarget section */
		0F25788B2BBC2C7A000491D3 /* Deeplinks Collection tvOS */ = {
			isa = PBXNativeTarget;
			buildConfigurationList = 0F25789E2BBC2C7A000491D3 /* Build configuration list for PBXNativeTarget "Deeplinks Collection tvOS" */;
			buildPhases = (
				0F25788E2BBC2C7A000491D3 /* Sources */,
				0F2578982BBC2C7A000491D3 /* Frameworks */,
				0F25789A2BBC2C7A000491D3 /* Resources */,
			);
			buildRules = (
			);
			dependencies = (
			);
			name = "Deeplinks Collection tvOS";
			packageProductDependencies = (
				0F25788C2BBC2C7A000491D3 /* FirebaseDatabase */,
			);
			productName = "build-ios-deeplinks-collection";
			productReference = 0F2578A12BBC2C7A000491D3 /* Deeplinks Collection tvOS.app */;
			productType = "com.apple.product-type.application";
		};
		0FCBB3792BA88C7300D80DB7 /* Deeplinks Collection iOS */ = {
			isa = PBXNativeTarget;
			buildConfigurationList = 0FCBB38E2BA88C7400D80DB7 /* Build configuration list for PBXNativeTarget "Deeplinks Collection iOS" */;
			buildPhases = (
				0FCBB3762BA88C7300D80DB7 /* Sources */,
				0FCBB3772BA88C7300D80DB7 /* Frameworks */,
				0FCBB3782BA88C7300D80DB7 /* Resources */,
			);
			buildRules = (
			);
			dependencies = (
			);
			name = "Deeplinks Collection iOS";
			packageProductDependencies = (
				0FCBB3962BA8907100D80DB7 /* FirebaseDatabase */,
				0FDB192B2DD5E6CB00224D1F /* SwipeActions */,
			);
			productName = "build-ios-deeplinks-collection";
			productReference = 0FCBB37A2BA88C7300D80DB7 /* Deeplinks Collection iOS.app */;
			productType = "com.apple.product-type.application";
		};
/* End PBXNativeTarget section */

/* Begin PBXProject section */
		0FCBB3722BA88C7300D80DB7 /* Project object */ = {
			isa = PBXProject;
			attributes = {
				BuildIndependentTargetsInParallel = 1;
				LastSwiftUpdateCheck = 1530;
				LastUpgradeCheck = 1530;
				TargetAttributes = {
					0FCBB3792BA88C7300D80DB7 = {
						CreatedOnToolsVersion = 15.3;
					};
				};
			};
			buildConfigurationList = 0FCBB3752BA88C7300D80DB7 /* Build configuration list for PBXProject "Deeplinks" */;
			compatibilityVersion = "Xcode 14.0";
			developmentRegion = en;
			hasScannedForEncodings = 0;
			knownRegions = (
				en,
				Base,
			);
			mainGroup = 0FCBB3712BA88C7300D80DB7;
			packageReferences = (
				0FCBB3952BA8907100D80DB7 /* XCRemoteSwiftPackageReference "firebase-ios-sdk" */,
				0FDB19292DD5E57800224D1F /* XCRemoteSwiftPackageReference "SwipeActions" */,
			);
			productRefGroup = 0FCBB37B2BA88C7300D80DB7 /* Products */;
			projectDirPath = "";
			projectRoot = "";
			targets = (
				0FCBB3792BA88C7300D80DB7 /* Deeplinks Collection iOS */,
				0F25788B2BBC2C7A000491D3 /* Deeplinks Collection tvOS */,
			);
		};
/* End PBXProject section */

/* Begin PBXResourcesBuildPhase section */
		0F25789A2BBC2C7A000491D3 /* Resources */ = {
			isa = PBXResourcesBuildPhase;
			buildActionMask = 2147483647;
			files = (
				0FDC2EEA2BD2DCE6001529B9 /* PrivacyInfo.xcprivacy in Resources */,
				0F25789B2BBC2C7A000491D3 /* Assets.xcassets in Resources */,
				0FA17E8C2C6283B100282F1E /* GoogleService-Info.plist in Resources */,
			);
			runOnlyForDeploymentPostprocessing = 0;
		};
		0FCBB3782BA88C7300D80DB7 /* Resources */ = {
			isa = PBXResourcesBuildPhase;
			buildActionMask = 2147483647;
			files = (
				0FFEBCE12BD8207C0039EB26 /* README.md in Resources */,
				0FCBB3872BA88C7400D80DB7 /* Assets.xcassets in Resources */,
				0F2578A42BBC3AD0000491D3 /* Info-tvos.plist in Resources */,
				0FA17E8B2C6283B100282F1E /* GoogleService-Info.plist in Resources */,
				0FCBB38A2BA88C7400D80DB7 /* Base in Resources */,
				0FDC2EE92BD2DCE6001529B9 /* PrivacyInfo.xcprivacy in Resources */,
			);
			runOnlyForDeploymentPostprocessing = 0;
		};
/* End PBXResourcesBuildPhase section */

/* Begin PBXSourcesBuildPhase section */
		0F25788E2BBC2C7A000491D3 /* Sources */ = {
			isa = PBXSourcesBuildPhase;
			buildActionMask = 2147483647;
			files = (
				0F25788F2BBC2C7A000491D3 /* ContentViewModel.swift in Sources */,
				0FEBC5D02BC3FD3C00EBECC8 /* DeeplinkItemView.swift in Sources */,
				0F2578902BBC2C7A000491D3 /* FirebaseDatabase.swift in Sources */,
				0F581DC72BC803460038DDD9 /* LoginView.swift in Sources */,
				0FD125A02BC578220056F3AE /* Font+Helpers.swift in Sources */,
				0F2578912BBC2C7A000491D3 /* HostingViewController.swift in Sources */,
				0F581DD92BCF01140038DDD9 /* Color+Helpers.swift in Sources */,
				0F581DD02BC82EC10038DDD9 /* ActionButtonStyle.swift in Sources */,
				0F581DCA2BC81CAD0038DDD9 /* LoginTextFieldStyle.swift in Sources */,
				0F2578922BBC2C7A000491D3 /* AppDelegate.swift in Sources */,
				0F581DE52BD030CD0038DDD9 /* UserTokenHandler.swift in Sources */,
				0F2578932BBC2C7A000491D3 /* DeeplinkError.swift in Sources */,
				0FEBC5D62BC41E1B00EBECC8 /* DeeplinkItemStyle.swift in Sources */,
				0F2578942BBC2C7A000491D3 /* ContentView.swift in Sources */,
				0F581DD32BC846520038DDD9 /* WelcomeView.swift in Sources */,
				0F2578952BBC2C7A000491D3 /* SceneDelegate.swift in Sources */,
				0F2578972BBC2C7A000491D3 /* DeeplinkContent.swift in Sources */,
				0FEBC5CB2BC040A600EBECC8 /* UIDevice+Helpers.swift in Sources */,
				0F0527E52C10441F0095B5B2 /* TopBottomGradientView.swift in Sources */,
			);
			runOnlyForDeploymentPostprocessing = 0;
		};
		0FCBB3762BA88C7300D80DB7 /* Sources */ = {
			isa = PBXSourcesBuildPhase;
			buildActionMask = 2147483647;
			files = (
				0FCBB3A52BA893D500D80DB7 /* ContentViewModel.swift in Sources */,
				0FEBC5CF2BC3FD3C00EBECC8 /* DeeplinkItemView.swift in Sources */,
				0FCBB39E2BA892A700D80DB7 /* FirebaseDatabase.swift in Sources */,
				0F581DC62BC803460038DDD9 /* LoginView.swift in Sources */,
				0FD1259F2BC578220056F3AE /* Font+Helpers.swift in Sources */,
				0FCBB3822BA88C7300D80DB7 /* HostingViewController.swift in Sources */,
				0F581DD82BCF01140038DDD9 /* Color+Helpers.swift in Sources */,
				0F581DCF2BC82EC10038DDD9 /* ActionButtonStyle.swift in Sources */,
				0F581DC92BC81CAD0038DDD9 /* LoginTextFieldStyle.swift in Sources */,
				0FCBB37E2BA88C7300D80DB7 /* AppDelegate.swift in Sources */,
				0F581DE42BD030CD0038DDD9 /* UserTokenHandler.swift in Sources */,
				0FCBB3A32BA892E800D80DB7 /* DeeplinkError.swift in Sources */,
				0FEBC5D52BC41E1B00EBECC8 /* DeeplinkItemStyle.swift in Sources */,
				0FCBB3922BA88E2700D80DB7 /* ContentView.swift in Sources */,
				0F581DD22BC846520038DDD9 /* WelcomeView.swift in Sources */,
				0FCBB3802BA88C7300D80DB7 /* SceneDelegate.swift in Sources */,
				0FCBB3A22BA892E800D80DB7 /* DeeplinkContent.swift in Sources */,
				0FEBC5CA2BC040A600EBECC8 /* UIDevice+Helpers.swift in Sources */,
				0F0527E42C10441F0095B5B2 /* TopBottomGradientView.swift in Sources */,
			);
			runOnlyForDeploymentPostprocessing = 0;
		};
/* End PBXSourcesBuildPhase section */

/* Begin PBXVariantGroup section */
		0FCBB3882BA88C7400D80DB7 /* LaunchScreen.storyboard */ = {
			isa = PBXVariantGroup;
			children = (
				0FCBB3892BA88C7400D80DB7 /* Base */,
			);
			name = LaunchScreen.storyboard;
			sourceTree = "<group>";
		};
/* End PBXVariantGroup section */

/* Begin XCBuildConfiguration section */
		0F25789F2BBC2C7A000491D3 /* Debug */ = {
			isa = XCBuildConfiguration;
			buildSettings = {
				ASSETCATALOG_COMPILER_APPICON_NAME = TVAppIcon;
				ASSETCATALOG_COMPILER_GLOBAL_ACCENT_COLOR_NAME = AccentColor;
				ASSETCATALOG_COMPILER_INCLUDE_ALL_APPICON_ASSETS = NO;
				CODE_SIGN_STYLE = Automatic;
				CURRENT_PROJECT_VERSION = 1;
				DEVELOPMENT_TEAM = W244RLEDMB;
				GENERATE_INFOPLIST_FILE = YES;
				INFOPLIST_FILE = "Deeplinks/Info-tvos.plist";
				INFOPLIST_KEY_CFBundleDisplayName = Deeplinks;
				INFOPLIST_KEY_UIApplicationSupportsIndirectInputEvents = YES;
				INFOPLIST_KEY_UILaunchStoryboardName = LaunchScreen;
				INFOPLIST_KEY_UIMainStoryboardFile = "";
				INFOPLIST_KEY_UISupportedInterfaceOrientations_iPad = "UIInterfaceOrientationPortrait UIInterfaceOrientationPortraitUpsideDown UIInterfaceOrientationLandscapeLeft UIInterfaceOrientationLandscapeRight";
				INFOPLIST_KEY_UISupportedInterfaceOrientations_iPhone = "UIInterfaceOrientationPortrait UIInterfaceOrientationLandscapeLeft UIInterfaceOrientationLandscapeRight";
				IPHONEOS_DEPLOYMENT_TARGET = 15.0;
				LD_RUNPATH_SEARCH_PATHS = (
					"$(inherited)",
					"@executable_path/Frameworks",
				);
				MARKETING_VERSION = 1.0;
				PRODUCT_BUNDLE_IDENTIFIER = "tv.accedo.build-ios-deeplinks-collection";
				PRODUCT_NAME = "$(TARGET_NAME)";
				SUPPORTED_PLATFORMS = "appletvos appletvsimulator";
				SUPPORTS_MACCATALYST = NO;
				SUPPORTS_MAC_DESIGNED_FOR_IPHONE_IPAD = NO;
				SUPPORTS_XR_DESIGNED_FOR_IPHONE_IPAD = NO;
				SWIFT_EMIT_LOC_STRINGS = YES;
				SWIFT_VERSION = 5.0;
				TARGETED_DEVICE_FAMILY = 3;
				TVOS_DEPLOYMENT_TARGET = 15.0;
			};
			name = Debug;
		};
		0F2578A02BBC2C7A000491D3 /* Release */ = {
			isa = XCBuildConfiguration;
			buildSettings = {
				ASSETCATALOG_COMPILER_APPICON_NAME = TVAppIcon;
				ASSETCATALOG_COMPILER_GLOBAL_ACCENT_COLOR_NAME = AccentColor;
				ASSETCATALOG_COMPILER_INCLUDE_ALL_APPICON_ASSETS = NO;
				CODE_SIGN_STYLE = Automatic;
				CURRENT_PROJECT_VERSION = 1;
				DEVELOPMENT_TEAM = W244RLEDMB;
				GENERATE_INFOPLIST_FILE = YES;
				INFOPLIST_FILE = "Deeplinks/Info-tvos.plist";
				INFOPLIST_KEY_CFBundleDisplayName = Deeplinks;
				INFOPLIST_KEY_UIApplicationSupportsIndirectInputEvents = YES;
				INFOPLIST_KEY_UILaunchStoryboardName = LaunchScreen;
				INFOPLIST_KEY_UIMainStoryboardFile = "";
				INFOPLIST_KEY_UISupportedInterfaceOrientations_iPad = "UIInterfaceOrientationPortrait UIInterfaceOrientationPortraitUpsideDown UIInterfaceOrientationLandscapeLeft UIInterfaceOrientationLandscapeRight";
				INFOPLIST_KEY_UISupportedInterfaceOrientations_iPhone = "UIInterfaceOrientationPortrait UIInterfaceOrientationLandscapeLeft UIInterfaceOrientationLandscapeRight";
				IPHONEOS_DEPLOYMENT_TARGET = 15.0;
				LD_RUNPATH_SEARCH_PATHS = (
					"$(inherited)",
					"@executable_path/Frameworks",
				);
				MARKETING_VERSION = 1.0;
				PRODUCT_BUNDLE_IDENTIFIER = "tv.accedo.build-ios-deeplinks-collection";
				PRODUCT_NAME = "$(TARGET_NAME)";
				SUPPORTED_PLATFORMS = "appletvos appletvsimulator";
				SUPPORTS_MACCATALYST = NO;
				SUPPORTS_MAC_DESIGNED_FOR_IPHONE_IPAD = NO;
				SUPPORTS_XR_DESIGNED_FOR_IPHONE_IPAD = NO;
				SWIFT_EMIT_LOC_STRINGS = YES;
				SWIFT_VERSION = 5.0;
				TARGETED_DEVICE_FAMILY = 3;
				TVOS_DEPLOYMENT_TARGET = 15.0;
			};
			name = Release;
		};
		0FCBB38C2BA88C7400D80DB7 /* Debug */ = {
			isa = XCBuildConfiguration;
			buildSettings = {
				ALWAYS_SEARCH_USER_PATHS = NO;
				ASSETCATALOG_COMPILER_GENERATE_SWIFT_ASSET_SYMBOL_EXTENSIONS = YES;
				CLANG_ANALYZER_NONNULL = YES;
				CLANG_ANALYZER_NUMBER_OBJECT_CONVERSION = YES_AGGRESSIVE;
				CLANG_CXX_LANGUAGE_STANDARD = "gnu++20";
				CLANG_ENABLE_MODULES = YES;
				CLANG_ENABLE_OBJC_ARC = YES;
				CLANG_ENABLE_OBJC_WEAK = YES;
				CLANG_WARN_BLOCK_CAPTURE_AUTORELEASING = YES;
				CLANG_WARN_BOOL_CONVERSION = YES;
				CLANG_WARN_COMMA = YES;
				CLANG_WARN_CONSTANT_CONVERSION = YES;
				CLANG_WARN_DEPRECATED_OBJC_IMPLEMENTATIONS = YES;
				CLANG_WARN_DIRECT_OBJC_ISA_USAGE = YES_ERROR;
				CLANG_WARN_DOCUMENTATION_COMMENTS = YES;
				CLANG_WARN_EMPTY_BODY = YES;
				CLANG_WARN_ENUM_CONVERSION = YES;
				CLANG_WARN_INFINITE_RECURSION = YES;
				CLANG_WARN_INT_CONVERSION = YES;
				CLANG_WARN_NON_LITERAL_NULL_CONVERSION = YES;
				CLANG_WARN_OBJC_IMPLICIT_RETAIN_SELF = YES;
				CLANG_WARN_OBJC_LITERAL_CONVERSION = YES;
				CLANG_WARN_OBJC_ROOT_CLASS = YES_ERROR;
				CLANG_WARN_QUOTED_INCLUDE_IN_FRAMEWORK_HEADER = YES;
				CLANG_WARN_RANGE_LOOP_ANALYSIS = YES;
				CLANG_WARN_STRICT_PROTOTYPES = YES;
				CLANG_WARN_SUSPICIOUS_MOVE = YES;
				CLANG_WARN_UNGUARDED_AVAILABILITY = YES_AGGRESSIVE;
				CLANG_WARN_UNREACHABLE_CODE = YES;
				CLANG_WARN__DUPLICATE_METHOD_MATCH = YES;
				COPY_PHASE_STRIP = NO;
				DEBUG_INFORMATION_FORMAT = dwarf;
				ENABLE_STRICT_OBJC_MSGSEND = YES;
				ENABLE_TESTABILITY = YES;
				ENABLE_USER_SCRIPT_SANDBOXING = YES;
				GCC_C_LANGUAGE_STANDARD = gnu17;
				GCC_DYNAMIC_NO_PIC = NO;
				GCC_NO_COMMON_BLOCKS = YES;
				GCC_OPTIMIZATION_LEVEL = 0;
				GCC_PREPROCESSOR_DEFINITIONS = (
					"DEBUG=1",
					"$(inherited)",
				);
				GCC_WARN_64_TO_32_BIT_CONVERSION = YES;
				GCC_WARN_ABOUT_RETURN_TYPE = YES_ERROR;
				GCC_WARN_UNDECLARED_SELECTOR = YES;
				GCC_WARN_UNINITIALIZED_AUTOS = YES_AGGRESSIVE;
				GCC_WARN_UNUSED_FUNCTION = YES;
				GCC_WARN_UNUSED_VARIABLE = YES;
				IPHONEOS_DEPLOYMENT_TARGET = 17.4;
				LOCALIZATION_PREFERS_STRING_CATALOGS = YES;
				MTL_ENABLE_DEBUG_INFO = INCLUDE_SOURCE;
				MTL_FAST_MATH = YES;
				ONLY_ACTIVE_ARCH = YES;
				SDKROOT = iphoneos;
				SWIFT_ACTIVE_COMPILATION_CONDITIONS = "DEBUG $(inherited)";
				SWIFT_OPTIMIZATION_LEVEL = "-Onone";
			};
			name = Debug;
		};
		0FCBB38D2BA88C7400D80DB7 /* Release */ = {
			isa = XCBuildConfiguration;
			buildSettings = {
				ALWAYS_SEARCH_USER_PATHS = NO;
				ASSETCATALOG_COMPILER_GENERATE_SWIFT_ASSET_SYMBOL_EXTENSIONS = YES;
				CLANG_ANALYZER_NONNULL = YES;
				CLANG_ANALYZER_NUMBER_OBJECT_CONVERSION = YES_AGGRESSIVE;
				CLANG_CXX_LANGUAGE_STANDARD = "gnu++20";
				CLANG_ENABLE_MODULES = YES;
				CLANG_ENABLE_OBJC_ARC = YES;
				CLANG_ENABLE_OBJC_WEAK = YES;
				CLANG_WARN_BLOCK_CAPTURE_AUTORELEASING = YES;
				CLANG_WARN_BOOL_CONVERSION = YES;
				CLANG_WARN_COMMA = YES;
				CLANG_WARN_CONSTANT_CONVERSION = YES;
				CLANG_WARN_DEPRECATED_OBJC_IMPLEMENTATIONS = YES;
				CLANG_WARN_DIRECT_OBJC_ISA_USAGE = YES_ERROR;
				CLANG_WARN_DOCUMENTATION_COMMENTS = YES;
				CLANG_WARN_EMPTY_BODY = YES;
				CLANG_WARN_ENUM_CONVERSION = YES;
				CLANG_WARN_INFINITE_RECURSION = YES;
				CLANG_WARN_INT_CONVERSION = YES;
				CLANG_WARN_NON_LITERAL_NULL_CONVERSION = YES;
				CLANG_WARN_OBJC_IMPLICIT_RETAIN_SELF = YES;
				CLANG_WARN_OBJC_LITERAL_CONVERSION = YES;
				CLANG_WARN_OBJC_ROOT_CLASS = YES_ERROR;
				CLANG_WARN_QUOTED_INCLUDE_IN_FRAMEWORK_HEADER = YES;
				CLANG_WARN_RANGE_LOOP_ANALYSIS = YES;
				CLANG_WARN_STRICT_PROTOTYPES = YES;
				CLANG_WARN_SUSPICIOUS_MOVE = YES;
				CLANG_WARN_UNGUARDED_AVAILABILITY = YES_AGGRESSIVE;
				CLANG_WARN_UNREACHABLE_CODE = YES;
				CLANG_WARN__DUPLICATE_METHOD_MATCH = YES;
				COPY_PHASE_STRIP = NO;
				DEBUG_INFORMATION_FORMAT = "dwarf-with-dsym";
				ENABLE_NS_ASSERTIONS = NO;
				ENABLE_STRICT_OBJC_MSGSEND = YES;
				ENABLE_USER_SCRIPT_SANDBOXING = YES;
				GCC_C_LANGUAGE_STANDARD = gnu17;
				GCC_NO_COMMON_BLOCKS = YES;
				GCC_WARN_64_TO_32_BIT_CONVERSION = YES;
				GCC_WARN_ABOUT_RETURN_TYPE = YES_ERROR;
				GCC_WARN_UNDECLARED_SELECTOR = YES;
				GCC_WARN_UNINITIALIZED_AUTOS = YES_AGGRESSIVE;
				GCC_WARN_UNUSED_FUNCTION = YES;
				GCC_WARN_UNUSED_VARIABLE = YES;
				IPHONEOS_DEPLOYMENT_TARGET = 17.4;
				LOCALIZATION_PREFERS_STRING_CATALOGS = YES;
				MTL_ENABLE_DEBUG_INFO = NO;
				MTL_FAST_MATH = YES;
				SDKROOT = iphoneos;
				SWIFT_COMPILATION_MODE = wholemodule;
				VALIDATE_PRODUCT = YES;
			};
			name = Release;
		};
		0FCBB38F2BA88C7400D80DB7 /* Debug */ = {
			isa = XCBuildConfiguration;
			buildSettings = {
				ASSETCATALOG_COMPILER_APPICON_NAME = AppIcon;
				ASSETCATALOG_COMPILER_GLOBAL_ACCENT_COLOR_NAME = AccentColor;
				CODE_SIGN_STYLE = Automatic;
				CURRENT_PROJECT_VERSION = 1;
				DEVELOPMENT_TEAM = W244RLEDMB;
				GENERATE_INFOPLIST_FILE = YES;
				INFOPLIST_FILE = Deeplinks/Info.plist;
				INFOPLIST_KEY_CFBundleDisplayName = Deeplinks;
				INFOPLIST_KEY_UIApplicationSupportsIndirectInputEvents = YES;
				INFOPLIST_KEY_UILaunchStoryboardName = LaunchScreen;
				INFOPLIST_KEY_UIMainStoryboardFile = "";
				INFOPLIST_KEY_UISupportedInterfaceOrientations_iPad = "UIInterfaceOrientationPortrait UIInterfaceOrientationPortraitUpsideDown UIInterfaceOrientationLandscapeLeft UIInterfaceOrientationLandscapeRight";
				INFOPLIST_KEY_UISupportedInterfaceOrientations_iPhone = "UIInterfaceOrientationPortrait UIInterfaceOrientationLandscapeLeft UIInterfaceOrientationLandscapeRight";
				IPHONEOS_DEPLOYMENT_TARGET = 15.0;
				LD_RUNPATH_SEARCH_PATHS = (
					"$(inherited)",
					"@executable_path/Frameworks",
				);
				MARKETING_VERSION = 1.0;
				PRODUCT_BUNDLE_IDENTIFIER = "tv.accedo.build-ios-deeplinks-collection";
				PRODUCT_NAME = "$(TARGET_NAME)";
				SWIFT_EMIT_LOC_STRINGS = YES;
				SWIFT_VERSION = 5.0;
				TARGETED_DEVICE_FAMILY = "1,2";
			};
			name = Debug;
		};
		0FCBB3902BA88C7400D80DB7 /* Release */ = {
			isa = XCBuildConfiguration;
			buildSettings = {
				ASSETCATALOG_COMPILER_APPICON_NAME = AppIcon;
				ASSETCATALOG_COMPILER_GLOBAL_ACCENT_COLOR_NAME = AccentColor;
				CODE_SIGN_STYLE = Automatic;
				CURRENT_PROJECT_VERSION = 1;
				DEVELOPMENT_TEAM = W244RLEDMB;
				GENERATE_INFOPLIST_FILE = YES;
				INFOPLIST_FILE = Deeplinks/Info.plist;
				INFOPLIST_KEY_CFBundleDisplayName = Deeplinks;
				INFOPLIST_KEY_UIApplicationSupportsIndirectInputEvents = YES;
				INFOPLIST_KEY_UILaunchStoryboardName = LaunchScreen;
				INFOPLIST_KEY_UIMainStoryboardFile = "";
				INFOPLIST_KEY_UISupportedInterfaceOrientations_iPad = "UIInterfaceOrientationPortrait UIInterfaceOrientationPortraitUpsideDown UIInterfaceOrientationLandscapeLeft UIInterfaceOrientationLandscapeRight";
				INFOPLIST_KEY_UISupportedInterfaceOrientations_iPhone = "UIInterfaceOrientationPortrait UIInterfaceOrientationLandscapeLeft UIInterfaceOrientationLandscapeRight";
				IPHONEOS_DEPLOYMENT_TARGET = 15.0;
				LD_RUNPATH_SEARCH_PATHS = (
					"$(inherited)",
					"@executable_path/Frameworks",
				);
				MARKETING_VERSION = 1.0;
				PRODUCT_BUNDLE_IDENTIFIER = "tv.accedo.build-ios-deeplinks-collection";
				PRODUCT_NAME = "$(TARGET_NAME)";
				SWIFT_EMIT_LOC_STRINGS = YES;
				SWIFT_VERSION = 5.0;
				TARGETED_DEVICE_FAMILY = "1,2";
			};
			name = Release;
		};
/* End XCBuildConfiguration section */

/* Begin XCConfigurationList section */
		0F25789E2BBC2C7A000491D3 /* Build configuration list for PBXNativeTarget "Deeplinks Collection tvOS" */ = {
			isa = XCConfigurationList;
			buildConfigurations = (
				0F25789F2BBC2C7A000491D3 /* Debug */,
				0F2578A02BBC2C7A000491D3 /* Release */,
			);
			defaultConfigurationIsVisible = 0;
			defaultConfigurationName = Release;
		};
		0FCBB3752BA88C7300D80DB7 /* Build configuration list for PBXProject "Deeplinks" */ = {
			isa = XCConfigurationList;
			buildConfigurations = (
				0FCBB38C2BA88C7400D80DB7 /* Debug */,
				0FCBB38D2BA88C7400D80DB7 /* Release */,
			);
			defaultConfigurationIsVisible = 0;
			defaultConfigurationName = Release;
		};
		0FCBB38E2BA88C7400D80DB7 /* Build configuration list for PBXNativeTarget "Deeplinks Collection iOS" */ = {
			isa = XCConfigurationList;
			buildConfigurations = (
				0FCBB38F2BA88C7400D80DB7 /* Debug */,
				0FCBB3902BA88C7400D80DB7 /* Release */,
			);
			defaultConfigurationIsVisible = 0;
			defaultConfigurationName = Release;
		};
/* End XCConfigurationList section */

/* Begin XCRemoteSwiftPackageReference section */
		0F25788D2BBC2C7A000491D3 /* XCRemoteSwiftPackageReference "firebase-ios-sdk" */ = {
			isa = XCRemoteSwiftPackageReference;
			repositoryURL = "https://github.com/firebase/firebase-ios-sdk";
			requirement = {
				kind = upToNextMajorVersion;
				minimumVersion = 10.22.1;
			};
		};
		0FCBB3952BA8907100D80DB7 /* XCRemoteSwiftPackageReference "firebase-ios-sdk" */ = {
			isa = XCRemoteSwiftPackageReference;
			repositoryURL = "https://github.com/firebase/firebase-ios-sdk";
			requirement = {
				kind = exactVersion;
				version = 10.27.0;
			};
		};
		0FDB19292DD5E57800224D1F /* XCRemoteSwiftPackageReference "SwipeActions" */ = {
			isa = XCRemoteSwiftPackageReference;
			repositoryURL = "https://github.com/c-villain/SwipeActions";
			requirement = {
				kind = exactVersion;
				version = 0.4.1;
			};
		};
/* End XCRemoteSwiftPackageReference section */

/* Begin XCSwiftPackageProductDependency section */
		0F25788C2BBC2C7A000491D3 /* FirebaseDatabase */ = {
			isa = XCSwiftPackageProductDependency;
			package = 0F25788D2BBC2C7A000491D3 /* XCRemoteSwiftPackageReference "firebase-ios-sdk" */;
			productName = FirebaseDatabase;
		};
		0FCBB3962BA8907100D80DB7 /* FirebaseDatabase */ = {
			isa = XCSwiftPackageProductDependency;
			package = 0FCBB3952BA8907100D80DB7 /* XCRemoteSwiftPackageReference "firebase-ios-sdk" */;
			productName = FirebaseDatabase;
		};
		0FDB192B2DD5E6CB00224D1F /* SwipeActions */ = {
			isa = XCSwiftPackageProductDependency;
			package = 0FDB19292DD5E57800224D1F /* XCRemoteSwiftPackageReference "SwipeActions" */;
			productName = SwipeActions;
		};
/* End XCSwiftPackageProductDependency section */
	};
	rootObject = 0FCBB3722BA88C7300D80DB7 /* Project object */;
}
